
Microsoft Visual Studio Solution File, Format Version 12.00
# Visual Studio 15
Project("{FAE04EC0-301F-11D3-BF4B-00C04F79EFBC}") = "Assembly-CSharp", "Assembly-CSharp.csproj", "{5DEBBEA5-36B9-7956-B0A7-57802E5A1FB8}"
EndProject
Global
	GlobalSection(SolutionConfigurationPlatforms) = preSolution
		Debug|Any CPU = Debug|Any CPU
		Release|Any CPU = Release|Any CPU
	EndGlobalSection
	GlobalSection(ProjectConfigurationPlatforms) = postSolution
		{5DEBBEA5-36B9-7956-B0A7-57802E5A1FB8}.Debug|Any CPU.ActiveCfg = Debug|Any CPU
		{5DEBBEA5-36B9-7956-B0A7-57802E5A1FB8}.Debug|Any CPU.Build.0 = Debug|Any CPU
		{5DEBBEA5-36B9-7956-B0A7-57802E5A1FB8}.Release|Any CPU.ActiveCfg = Release|Any CPU
		{5DEBBEA5-36B9-7956-B0A7-57802E5A1FB8}.Release|Any CPU.Build.0 = Release|Any CPU
	EndGlobalSection
	GlobalSection(SolutionProperties) = preSolution
		HideSolutionNode = FALSE
	EndGlobalSection
EndGlobal
